{
    "_readme": [
        "This file locks the dependencies of your project to a known state",
        "Read more about it at https://getcomposer.org/doc/01-basic-usage.md#installing-dependencies",
        "This file is @generated automatically"
    ],
    "content-hash": "d3d6e6ed6f2583ed925329e8e79bafa5",
    "packages": [
        {
            "name": "composer/installers",
            "version": "v1.10.0",
            "source": {
                "type": "git",
                "url": "https://github.com/composer/installers.git",
                "reference": "1a0357fccad9d1cc1ea0c9a05b8847fbccccb78d"
            },
            "dist": {
                "type": "zip",
                "url": "https://api.github.com/repos/composer/installers/zipball/1a0357fccad9d1cc1ea0c9a05b8847fbccccb78d",
                "reference": "1a0357fccad9d1cc1ea0c9a05b8847fbccccb78d",
                "shasum": ""
            },
            "require": {
                "composer-plugin-api": "^1.0 || ^2.0"
            },
            "replace": {
                "roundcube/plugin-installer": "*",
                "shama/baton": "*"
            },
            "require-dev": {
                "composer/composer": "1.6.* || ^2.0",
                "composer/semver": "^1 || ^3",
                "phpstan/phpstan": "^0.12.55",
                "phpstan/phpstan-phpunit": "^0.12.16",
                "symfony/phpunit-bridge": "^4.2 || ^5",
                "symfony/process": "^2.3"
            },
            "type": "composer-plugin",
            "extra": {
                "class": "Composer\\Installers\\Plugin",
                "branch-alias": {
                    "dev-main": "1.x-dev"
                }
            },
            "autoload": {
                "psr-4": {
                    "Composer\\Installers\\": "src/Composer/Installers"
                }
            },
            "notification-url": "https://packagist.org/downloads/",
            "license": [
                "MIT"
            ],
            "authors": [
                {
                    "name": "Kyle Robinson Young",
                    "email": "kyle@dontkry.com",
                    "homepage": "https://github.com/shama"
                }
            ],
            "description": "A multi-framework Composer library installer",
            "homepage": "https://composer.github.io/installers/",
            "keywords": [
                "Craft",
                "Dolibarr",
                "Eliasis",
                "Hurad",
                "ImageCMS",
                "Kanboard",
                "Lan Management System",
                "MODX Evo",
                "MantisBT",
                "Mautic",
                "Maya",
                "OXID",
                "Plentymarkets",
                "Porto",
                "RadPHP",
                "SMF",
                "Starbug",
                "Thelia",
                "Whmcs",
                "WolfCMS",
                "agl",
                "aimeos",
                "annotatecms",
                "attogram",
                "bitrix",
                "cakephp",
                "chef",
                "cockpit",
                "codeigniter",
                "concrete5",
                "croogo",
                "dokuwiki",
                "drupal",
                "eZ Platform",
                "elgg",
                "expressionengine",
                "fuelphp",
                "grav",
                "installer",
                "itop",
                "joomla",
                "known",
                "kohana",
                "laravel",
                "lavalite",
                "lithium",
                "magento",
                "majima",
                "mako",
                "mediawiki",
                "modulework",
                "modx",
                "moodle",
                "osclass",
                "phpbb",
                "piwik",
                "ppi",
                "processwire",
                "puppet",
                "pxcms",
                "reindex",
                "roundcube",
                "shopware",
                "silverstripe",
                "sydes",
                "sylius",
                "symfony",
                "typo3",
                "wordpress",
                "yawik",
                "zend",
                "zikula"
            ],
            "time": "2021-01-14T11:07:16+00:00"
        },
        {
            "name": "fig/http-message-util",
            "version": "1.1.5",
            "source": {
                "type": "git",
                "url": "https://github.com/php-fig/http-message-util.git",
                "reference": "9d94dc0154230ac39e5bf89398b324a86f63f765"
            },
            "dist": {
                "type": "zip",
                "url": "https://api.github.com/repos/php-fig/http-message-util/zipball/9d94dc0154230ac39e5bf89398b324a86f63f765",
                "reference": "9d94dc0154230ac39e5bf89398b324a86f63f765",
                "shasum": ""
            },
            "require": {
                "php": "^5.3 || ^7.0 || ^8.0"
            },
            "suggest": {
                "psr/http-message": "The package containing the PSR-7 interfaces"
            },
            "type": "library",
            "extra": {
                "branch-alias": {
                    "dev-master": "1.1.x-dev"
                }
            },
            "autoload": {
                "psr-4": {
                    "Fig\\Http\\Message\\": "src/"
                }
            },
            "notification-url": "https://packagist.org/downloads/",
            "license": [
                "MIT"
            ],
            "authors": [
                {
                    "name": "PHP-FIG",
                    "homepage": "https://www.php-fig.org/"
                }
            ],
            "description": "Utility classes and constants for use with PSR-7 (psr/http-message)",
            "keywords": [
                "http",
                "http-message",
                "psr",
                "psr-7",
                "request",
                "response"
            ],
            "time": "2020-11-24T22:02:12+00:00"
        },
        {
            "name": "narrowspark/http-status",
            "version": "4.1.0",
            "source": {
                "type": "git",
                "url": "https://github.com/narrowspark/http-status.git",
                "reference": "127dcbf1fd02ca9c2a7451da7e3c4dd98c508cde"
            },
            "dist": {
                "type": "zip",
                "url": "https://api.github.com/repos/narrowspark/http-status/zipball/127dcbf1fd02ca9c2a7451da7e3c4dd98c508cde",
                "reference": "127dcbf1fd02ca9c2a7451da7e3c4dd98c508cde",
                "shasum": ""
            },
            "require": {
                "fig/http-message-util": "^1.1",
                "php": "^7.2"
            },
            "provide": {
                "psr/http-message-implementation": "^1.0"
            },
            "require-dev": {
                "narrowspark/coding-standard": "^1.0.0",
                "phpunit/phpunit": "^7.2.0"
            },
            "type": "library",
            "extra": {
                "branch-alias": {
                    "dev-master": "5.0-dev"
                }
            },
            "autoload": {
                "psr-4": {
                    "Narrowspark\\HttpStatus\\": "src/"
                },
                "exclude-from-classmap": [
                    "/tests/"
                ]
            },
            "notification-url": "https://packagist.org/downloads/",
            "license": [
                "MIT"
            ],
            "authors": [
                {
                    "name": "Daniel Bannert",
                    "email": "d.bannert@anolilab.de",
                    "homepage": "http://anolilab.de",
                    "role": "Developer"
                }
            ],
            "description": "A psr-7 package for working with HTTP statuses.",
            "homepage": "https://github.com/narrowspark/http-status",
            "keywords": [
                "exception",
                "http",
                "http-status",
                "http-status exceptions",
                "psr-7",
                "psr7",
                "status"
            ],
            "time": "2018-07-31T12:32:42+00:00"
        },
        {
            "name": "spaceonfire/bitrix-tools",
            "version": "0.8.8",
            "source": {
                "type": "git",
                "url": "https://github.com/spaceonfire/bitrix-tools.git",
                "reference": "ab04791fa9dd33163177de4253d4f46210c0cda8"
            },
            "dist": {
                "type": "zip",
                "url": "https://api.github.com/repos/spaceonfire/bitrix-tools/zipball/ab04791fa9dd33163177de4253d4f46210c0cda8",
                "reference": "ab04791fa9dd33163177de4253d4f46210c0cda8",
                "shasum": ""
            },
            "require": {
                "ext-dom": "*",
                "ext-json": "*",
                "narrowspark/http-status": "^4.1",
                "php": "^7.2",
                "spaceonfire/collection": "^1.3|^2.0",
                "spaceonfire/type": "^1.0",
                "webmozart/assert": "^1.0"
            },
            "require-dev": {
                "phpdocumentor/reflection-docblock": "^5.1",
                "phpstan/phpstan": "^0.12",
                "roave/security-advisories": "dev-master",
                "spaceonfire/simple-php-apidoc": "^1.1",
                "symfony/property-info": "^5.0",
                "symplify/easy-coding-standard-prefixed": "^8.0"
            },
            "suggest": {
                "phpdocumentor/reflection-docblock": "Required if you want to use for ComponentPropertiesTrait",
                "symfony/property-info": "Required if you want to use for ComponentPropertiesTrait"
            },
            "bin": [
                "bin/run-in-background.php"
            ],
            "type": "library",
            "autoload": {
                "psr-4": {
                    "spaceonfire\\BitrixTools\\": "src/"
                },
                "files": [
                    "autoload.php"
                ]
            },
            "notification-url": "https://packagist.org/downloads/",
            "license": [
                "MIT"
            ],
            "authors": [
                {
                    "name": "Constantine Karnaukhov",
                    "email": "genteelknight@gmail.com",
                    "role": "Maintainer"
                }
            ],
            "description": "Utility classes for Bitrix projects",
            "keywords": [
                "bitrix",
                "helpers",
                "tools",
                "utilities"
            ],
            "time": "2020-09-21T10:52:27+00:00"
        },
        {
            "name": "spaceonfire/bmf",
            "version": "1.1.0",
            "source": {
                "type": "git",
                "url": "https://github.com/spaceonfire/BMF.git",
                "reference": "9915bd1bfe2b7d43a9137662307dd3735cd0fd30"
            },
            "dist": {
                "type": "zip",
                "url": "https://api.github.com/repos/spaceonfire/BMF/zipball/9915bd1bfe2b7d43a9137662307dd3735cd0fd30",
                "reference": "9915bd1bfe2b7d43a9137662307dd3735cd0fd30",
                "shasum": ""
            },
            "require": {
                "php": ">=7.1"
            },
            "require-dev": {
                "matiaspub/bx-api-docs": "^16.5",
                "roave/security-advisories": "dev-master"
            },
            "bin": [
                "bin/bundle",
                "bin/bundle_mp"
            ],
            "type": "library",
            "autoload": {
                "psr-4": {
                    "spaceonfire\\BMF\\": "src/"
                }
            },
            "notification-url": "https://packagist.org/downloads/",
            "license": [
                "MIT"
            ],
            "authors": [
                {
                    "name": "Constantine Karnaukhov",
                    "email": "genteelknight@gmail.com"
                }
            ],
            "description": "Фреймворк, упрощающий процесс разработки модулей для 1С-Битрикс",
            "keywords": [
                "bitrix",
                "bitrix-modules",
                "tools"
            ],
            "time": "2020-10-23T14:29:09+00:00"
        },
        {
            "name": "spaceonfire/collection",
            "version": "2.1.1",
            "source": {
                "type": "git",
                "url": "https://github.com/spaceonfire/collection.git",
                "reference": "d1a9f9acae79493cf98aefb21b2a5367c71ebfd1"
            },
            "dist": {
                "type": "zip",
                "url": "https://api.github.com/repos/spaceonfire/collection/zipball/d1a9f9acae79493cf98aefb21b2a5367c71ebfd1",
                "reference": "d1a9f9acae79493cf98aefb21b2a5367c71ebfd1",
                "shasum": ""
            },
            "require": {
                "ext-json": "*",
                "php": "^7.2|^8.0",
                "spaceonfire/criteria": "^1.0",
                "spaceonfire/type": "^1.2",
                "symfony/polyfill-php73": "^1.14",
                "webmozart/assert": "^1.3"
            },
            "require-dev": {
                "phpstan/phpstan": "^0.12",
                "phpstan/phpstan-strict-rules": "^0.12",
                "phpstan/phpstan-webmozart-assert": "^0.12",
                "phpunit/phpunit": "^8.5|^9.5",
                "roave/security-advisories": "dev-master",
                "symplify/easy-coding-standard-prefixed": "^8.3|^9.1"
            },
            "type": "library",
            "extra": {
                "branch-alias": {
                    "dev-master": "2.1-dev"
                }
            },
            "autoload": {
                "psr-4": {
                    "spaceonfire\\Collection\\": "src"
                }
            },
            "notification-url": "https://packagist.org/downloads/",
            "license": [
                "MIT"
            ],
            "authors": [
                {
                    "name": "Constantine Karnaukhov",
                    "email": "genteelknight@gmail.com",
                    "homepage": "https://www.onfire.space",
                    "role": "Maintainer"
                }
            ],
            "description": "Framework agnostic PHP collections",
            "homepage": "https://github.com/spaceonfire/collection",
            "keywords": [
                "collection"
            ],
            "time": "2021-02-16T17:34:09+00:00"
        },
        {
            "name": "spaceonfire/criteria",
            "version": "1.2.0",
            "source": {
                "type": "git",
                "url": "https://github.com/spaceonfire/criteria.git",
                "reference": "aeb103e4ede5b73c977c42b9d86710be209522a0"
            },
            "dist": {
                "type": "zip",
                "url": "https://api.github.com/repos/spaceonfire/criteria/zipball/aeb103e4ede5b73c977c42b9d86710be209522a0",
                "reference": "aeb103e4ede5b73c977c42b9d86710be209522a0",
                "shasum": ""
            },
            "require": {
                "php": "^7.2|^8.0",
                "symfony/property-access": "^4.0|^5.0",
                "webmozart/assert": "^1.3",
                "webmozart/expression": "^1.0"
            },
            "require-dev": {
                "doctrine/collections": "^1.6.4",
                "phpstan/phpstan": "^0.12",
                "phpstan/phpstan-webmozart-assert": "^0.12",
                "phpunit/phpunit": "^8.5|^9.5",
                "roave/security-advisories": "dev-master",
                "spiral/pagination": "^2.2",
                "symplify/easy-coding-standard-prefixed": "^8.3|^9.1"
            },
            "suggest": {
                "spiral/pagination": ""
            },
            "type": "library",
            "extra": {
                "branch-alias": {
                    "dev-master": "1.2-dev"
                }
            },
            "autoload": {
                "psr-4": {
                    "spaceonfire\\Criteria\\": "src"
                }
            },
            "notification-url": "https://packagist.org/downloads/",
            "license": [
                "MIT"
            ],
            "authors": [
                {
                    "name": "Constantine Karnaukhov",
                    "email": "genteelknight@gmail.com",
                    "homepage": "https://www.onfire.space",
                    "role": "Maintainer"
                }
            ],
            "description": "Criteria help you to declare rules to filter datasets",
            "homepage": "https://github.com/spaceonfire/criteria",
            "keywords": [
                "criteria",
                "spaceonfire"
            ],
            "time": "2021-02-25T13:15:26+00:00"
        },
        {
            "name": "spaceonfire/type",
            "version": "1.3.1",
            "source": {
                "type": "git",
                "url": "https://github.com/spaceonfire/type.git",
                "reference": "9a5ecbbd3e9e6db3691c4bd6150a4b626c9aaabb"
            },
            "dist": {
                "type": "zip",
                "url": "https://api.github.com/repos/spaceonfire/type/zipball/9a5ecbbd3e9e6db3691c4bd6150a4b626c9aaabb",
                "reference": "9a5ecbbd3e9e6db3691c4bd6150a4b626c9aaabb",
                "shasum": ""
            },
            "require": {
                "php": "^7.2|^8.0",
                "webmozart/assert": "^1.3"
            },
            "require-dev": {
                "ext-json": "*",
                "phpspec/prophecy-phpunit": "^1.1|^2.0",
                "phpstan/phpstan": "^0.12",
                "phpstan/phpstan-webmozart-assert": "^0.12",
                "phpunit/phpunit": "^8.5|^9.5",
                "roave/security-advisories": "dev-master",
                "symplify/easy-coding-standard-prefixed": "^8.3|^9.1"
            },
            "type": "library",
            "extra": {
                "branch-alias": {
                    "dev-master": "1.3-dev"
                }
            },
            "autoload": {
                "psr-4": {
                    "spaceonfire\\Type\\": "src"
                }
            },
            "notification-url": "https://packagist.org/downloads/",
            "license": [
                "MIT"
            ],
            "authors": [
                {
                    "name": "Constantine Karnaukhov",
                    "email": "genteelknight@gmail.com",
                    "homepage": "https://www.onfire.space",
                    "role": "Maintainer"
                }
            ],
            "description": "Collection of objects that provides ability of checking value types",
            "homepage": "https://github.com/spaceonfire/type",
            "keywords": [
                "spaceonfire",
                "type"
            ],
            "time": "2021-02-16T17:18:01+00:00"
        },
        {
            "name": "symfony/deprecation-contracts",
            "version": "v2.4.0",
            "source": {
                "type": "git",
                "url": "https://github.com/symfony/deprecation-contracts.git",
                "reference": "5f38c8804a9e97d23e0c8d63341088cd8a22d627"
            },
            "dist": {
                "type": "zip",
                "url": "https://api.github.com/repos/symfony/deprecation-contracts/zipball/5f38c8804a9e97d23e0c8d63341088cd8a22d627",
                "reference": "5f38c8804a9e97d23e0c8d63341088cd8a22d627",
                "shasum": ""
            },
            "require": {
                "php": ">=7.1"
            },
            "type": "library",
            "extra": {
                "branch-alias": {
                    "dev-main": "2.4-dev"
                },
                "thanks": {
                    "name": "symfony/contracts",
                    "url": "https://github.com/symfony/contracts"
                }
            },
            "autoload": {
                "files": [
                    "function.php"
                ]
            },
            "notification-url": "https://packagist.org/downloads/",
            "license": [
                "MIT"
            ],
            "authors": [
                {
                    "name": "Nicolas Grekas",
                    "email": "p@tchwork.com"
                },
                {
                    "name": "Symfony Community",
                    "homepage": "https://symfony.com/contributors"
                }
            ],
            "description": "A generic function and convention to trigger deprecation notices",
            "homepage": "https://symfony.com",
            "time": "2021-03-23T23:28:01+00:00"
        },
        {
            "name": "symfony/polyfill-ctype",
            "version": "v1.22.1",
            "source": {
                "type": "git",
                "url": "https://github.com/symfony/polyfill-ctype.git",
                "reference": "c6c942b1ac76c82448322025e084cadc56048b4e"
            },
            "dist": {
                "type": "zip",
                "url": "https://api.github.com/repos/symfony/polyfill-ctype/zipball/c6c942b1ac76c82448322025e084cadc56048b4e",
                "reference": "c6c942b1ac76c82448322025e084cadc56048b4e",
                "shasum": ""
            },
            "require": {
                "php": ">=7.1"
            },
            "suggest": {
                "ext-ctype": "For best performance"
            },
            "type": "library",
            "extra": {
                "branch-alias": {
                    "dev-main": "1.22-dev"
                },
                "thanks": {
                    "name": "symfony/polyfill",
                    "url": "https://github.com/symfony/polyfill"
                }
            },
            "autoload": {
                "psr-4": {
                    "Symfony\\Polyfill\\Ctype\\": ""
                },
                "files": [
                    "bootstrap.php"
                ]
            },
            "notification-url": "https://packagist.org/downloads/",
            "license": [
                "MIT"
            ],
            "authors": [
                {
                    "name": "Gert de Pagter",
                    "email": "BackEndTea@gmail.com"
                },
                {
                    "name": "Symfony Community",
                    "homepage": "https://symfony.com/contributors"
                }
            ],
            "description": "Symfony polyfill for ctype functions",
            "homepage": "https://symfony.com",
            "keywords": [
                "compatibility",
                "ctype",
                "polyfill",
                "portable"
            ],
            "time": "2021-01-07T16:49:33+00:00"
        },
        {
            "name": "symfony/polyfill-intl-grapheme",
            "version": "v1.22.1",
            "source": {
                "type": "git",
                "url": "https://github.com/symfony/polyfill-intl-grapheme.git",
                "reference": "5601e09b69f26c1828b13b6bb87cb07cddba3170"
            },
            "dist": {
                "type": "zip",
                "url": "https://api.github.com/repos/symfony/polyfill-intl-grapheme/zipball/5601e09b69f26c1828b13b6bb87cb07cddba3170",
                "reference": "5601e09b69f26c1828b13b6bb87cb07cddba3170",
                "shasum": ""
            },
            "require": {
                "php": ">=7.1"
            },
            "suggest": {
                "ext-intl": "For best performance"
            },
            "type": "library",
            "extra": {
                "branch-alias": {
                    "dev-main": "1.22-dev"
                },
                "thanks": {
                    "name": "symfony/polyfill",
                    "url": "https://github.com/symfony/polyfill"
                }
            },
            "autoload": {
                "psr-4": {
                    "Symfony\\Polyfill\\Intl\\Grapheme\\": ""
                },
                "files": [
                    "bootstrap.php"
                ]
            },
            "notification-url": "https://packagist.org/downloads/",
            "license": [
                "MIT"
            ],
            "authors": [
                {
                    "name": "Nicolas Grekas",
                    "email": "p@tchwork.com"
                },
                {
                    "name": "Symfony Community",
                    "homepage": "https://symfony.com/contributors"
                }
            ],
            "description": "Symfony polyfill for intl's grapheme_* functions",
            "homepage": "https://symfony.com",
            "keywords": [
                "compatibility",
                "grapheme",
                "intl",
                "polyfill",
                "portable",
                "shim"
            ],
            "time": "2021-01-22T09:19:47+00:00"
        },
        {
            "name": "symfony/polyfill-intl-normalizer",
            "version": "v1.22.1",
            "source": {
                "type": "git",
                "url": "https://github.com/symfony/polyfill-intl-normalizer.git",
                "reference": "43a0283138253ed1d48d352ab6d0bdb3f809f248"
            },
            "dist": {
                "type": "zip",
                "url": "https://api.github.com/repos/symfony/polyfill-intl-normalizer/zipball/43a0283138253ed1d48d352ab6d0bdb3f809f248",
                "reference": "43a0283138253ed1d48d352ab6d0bdb3f809f248",
                "shasum": ""
            },
            "require": {
                "php": ">=7.1"
            },
            "suggest": {
                "ext-intl": "For best performance"
            },
            "type": "library",
            "extra": {
                "branch-alias": {
                    "dev-main": "1.22-dev"
                },
                "thanks": {
                    "name": "symfony/polyfill",
                    "url": "https://github.com/symfony/polyfill"
                }
            },
            "autoload": {
                "psr-4": {
                    "Symfony\\Polyfill\\Intl\\Normalizer\\": ""
                },
                "files": [
                    "bootstrap.php"
                ],
                "classmap": [
                    "Resources/stubs"
                ]
            },
            "notification-url": "https://packagist.org/downloads/",
            "license": [
                "MIT"
            ],
            "authors": [
                {
                    "name": "Nicolas Grekas",
                    "email": "p@tchwork.com"
                },
                {
                    "name": "Symfony Community",
                    "homepage": "https://symfony.com/contributors"
                }
            ],
            "description": "Symfony polyfill for intl's Normalizer class and related functions",
            "homepage": "https://symfony.com",
            "keywords": [
                "compatibility",
                "intl",
                "normalizer",
                "polyfill",
                "portable",
                "shim"
            ],
            "time": "2021-01-22T09:19:47+00:00"
        },
        {
            "name": "symfony/polyfill-mbstring",
            "version": "v1.22.1",
            "source": {
                "type": "git",
                "url": "https://github.com/symfony/polyfill-mbstring.git",
                "reference": "5232de97ee3b75b0360528dae24e73db49566ab1"
            },
            "dist": {
                "type": "zip",
                "url": "https://api.github.com/repos/symfony/polyfill-mbstring/zipball/5232de97ee3b75b0360528dae24e73db49566ab1",
                "reference": "5232de97ee3b75b0360528dae24e73db49566ab1",
                "shasum": ""
            },
            "require": {
                "php": ">=7.1"
            },
            "suggest": {
                "ext-mbstring": "For best performance"
            },
            "type": "library",
            "extra": {
                "branch-alias": {
                    "dev-main": "1.22-dev"
                },
                "thanks": {
                    "name": "symfony/polyfill",
                    "url": "https://github.com/symfony/polyfill"
                }
            },
            "autoload": {
                "psr-4": {
                    "Symfony\\Polyfill\\Mbstring\\": ""
                },
                "files": [
                    "bootstrap.php"
                ]
            },
            "notification-url": "https://packagist.org/downloads/",
            "license": [
                "MIT"
            ],
            "authors": [
                {
                    "name": "Nicolas Grekas",
                    "email": "p@tchwork.com"
                },
                {
                    "name": "Symfony Community",
                    "homepage": "https://symfony.com/contributors"
                }
            ],
            "description": "Symfony polyfill for the Mbstring extension",
            "homepage": "https://symfony.com",
            "keywords": [
                "compatibility",
                "mbstring",
                "polyfill",
                "portable",
                "shim"
            ],
            "time": "2021-01-22T09:19:47+00:00"
        },
        {
            "name": "symfony/polyfill-php73",
            "version": "v1.22.1",
            "source": {
                "type": "git",
                "url": "https://github.com/symfony/polyfill-php73.git",
                "reference": "a678b42e92f86eca04b7fa4c0f6f19d097fb69e2"
            },
            "dist": {
                "type": "zip",
                "url": "https://api.github.com/repos/symfony/polyfill-php73/zipball/a678b42e92f86eca04b7fa4c0f6f19d097fb69e2",
                "reference": "a678b42e92f86eca04b7fa4c0f6f19d097fb69e2",
                "shasum": ""
            },
            "require": {
                "php": ">=7.1"
            },
            "type": "library",
            "extra": {
                "branch-alias": {
                    "dev-main": "1.22-dev"
                },
                "thanks": {
                    "name": "symfony/polyfill",
                    "url": "https://github.com/symfony/polyfill"
                }
            },
            "autoload": {
                "psr-4": {
                    "Symfony\\Polyfill\\Php73\\": ""
                },
                "files": [
                    "bootstrap.php"
                ],
                "classmap": [
                    "Resources/stubs"
                ]
            },
            "notification-url": "https://packagist.org/downloads/",
            "license": [
                "MIT"
            ],
            "authors": [
                {
                    "name": "Nicolas Grekas",
                    "email": "p@tchwork.com"
                },
                {
                    "name": "Symfony Community",
                    "homepage": "https://symfony.com/contributors"
                }
            ],
            "description": "Symfony polyfill backporting some PHP 7.3+ features to lower PHP versions",
            "homepage": "https://symfony.com",
            "keywords": [
                "compatibility",
                "polyfill",
                "portable",
                "shim"
            ],
            "time": "2021-01-07T16:49:33+00:00"
        },
        {
            "name": "symfony/polyfill-php80",
            "version": "v1.22.1",
            "source": {
                "type": "git",
                "url": "https://github.com/symfony/polyfill-php80.git",
                "reference": "dc3063ba22c2a1fd2f45ed856374d79114998f91"
            },
            "dist": {
                "type": "zip",
                "url": "https://api.github.com/repos/symfony/polyfill-php80/zipball/dc3063ba22c2a1fd2f45ed856374d79114998f91",
                "reference": "dc3063ba22c2a1fd2f45ed856374d79114998f91",
                "shasum": ""
            },
            "require": {
                "php": ">=7.1"
            },
            "type": "library",
            "extra": {
                "branch-alias": {
                    "dev-main": "1.22-dev"
                },
                "thanks": {
                    "name": "symfony/polyfill",
                    "url": "https://github.com/symfony/polyfill"
                }
            },
            "autoload": {
                "psr-4": {
                    "Symfony\\Polyfill\\Php80\\": ""
                },
                "files": [
                    "bootstrap.php"
                ],
                "classmap": [
                    "Resources/stubs"
                ]
            },
            "notification-url": "https://packagist.org/downloads/",
            "license": [
                "MIT"
            ],
            "authors": [
                {
                    "name": "Ion Bazan",
                    "email": "ion.bazan@gmail.com"
                },
                {
                    "name": "Nicolas Grekas",
                    "email": "p@tchwork.com"
                },
                {
                    "name": "Symfony Community",
                    "homepage": "https://symfony.com/contributors"
                }
            ],
            "description": "Symfony polyfill backporting some PHP 8.0+ features to lower PHP versions",
            "homepage": "https://symfony.com",
            "keywords": [
                "compatibility",
                "polyfill",
                "portable",
                "shim"
            ],
            "time": "2021-01-07T16:49:33+00:00"
        },
        {
            "name": "symfony/property-access",
            "version": "v5.2.4",
            "source": {
                "type": "git",
                "url": "https://github.com/symfony/property-access.git",
                "reference": "3af8ed262bd3217512a13b023981fe68f36ad5f3"
            },
            "dist": {
                "type": "zip",
                "url": "https://api.github.com/repos/symfony/property-access/zipball/3af8ed262bd3217512a13b023981fe68f36ad5f3",
                "reference": "3af8ed262bd3217512a13b023981fe68f36ad5f3",
                "shasum": ""
            },
            "require": {
                "php": ">=7.2.5",
                "symfony/deprecation-contracts": "^2.1",
                "symfony/polyfill-php80": "^1.15",
                "symfony/property-info": "^5.2"
            },
            "require-dev": {
                "symfony/cache": "^4.4|^5.0"
            },
            "suggest": {
                "psr/cache-implementation": "To cache access methods."
            },
            "type": "library",
            "autoload": {
                "psr-4": {
                    "Symfony\\Component\\PropertyAccess\\": ""
                },
                "exclude-from-classmap": [
                    "/Tests/"
                ]
            },
            "notification-url": "https://packagist.org/downloads/",
            "license": [
                "MIT"
            ],
            "authors": [
                {
                    "name": "Fabien Potencier",
                    "email": "fabien@symfony.com"
                },
                {
                    "name": "Symfony Community",
                    "homepage": "https://symfony.com/contributors"
                }
            ],
            "description": "Provides functions to read and write from/to an object or array using a simple string notation",
            "homepage": "https://symfony.com",
            "keywords": [
                "access",
                "array",
                "extraction",
                "index",
                "injection",
                "object",
                "property",
                "property path",
                "reflection"
            ],
            "time": "2021-01-27T10:15:41+00:00"
        },
        {
            "name": "symfony/property-info",
            "version": "v5.2.4",
            "source": {
                "type": "git",
                "url": "https://github.com/symfony/property-info.git",
                "reference": "7185bbc74e6f49c3f1b5936b4d9e4ca133921189"
            },
            "dist": {
                "type": "zip",
                "url": "https://api.github.com/repos/symfony/property-info/zipball/7185bbc74e6f49c3f1b5936b4d9e4ca133921189",
                "reference": "7185bbc74e6f49c3f1b5936b4d9e4ca133921189",
                "shasum": ""
            },
            "require": {
                "php": ">=7.2.5",
                "symfony/deprecation-contracts": "^2.1",
                "symfony/polyfill-php80": "^1.15",
                "symfony/string": "^5.1"
            },
            "conflict": {
                "phpdocumentor/reflection-docblock": "<3.2.2",
                "phpdocumentor/type-resolver": "<1.4.0",
                "symfony/dependency-injection": "<4.4"
            },
            "require-dev": {
                "doctrine/annotations": "^1.10.4",
                "phpdocumentor/reflection-docblock": "^3.0|^4.0|^5.0",
                "symfony/cache": "^4.4|^5.0",
                "symfony/dependency-injection": "^4.4|^5.0",
                "symfony/serializer": "^4.4|^5.0"
            },
            "suggest": {
                "phpdocumentor/reflection-docblock": "To use the PHPDoc",
                "psr/cache-implementation": "To cache results",
                "symfony/doctrine-bridge": "To use Doctrine metadata",
                "symfony/serializer": "To use Serializer metadata"
            },
            "type": "library",
            "autoload": {
                "psr-4": {
                    "Symfony\\Component\\PropertyInfo\\": ""
                },
                "exclude-from-classmap": [
                    "/Tests/"
                ]
            },
            "notification-url": "https://packagist.org/downloads/",
            "license": [
                "MIT"
            ],
            "authors": [
                {
                    "name": "Kévin Dunglas",
                    "email": "dunglas@gmail.com"
                },
                {
                    "name": "Symfony Community",
                    "homepage": "https://symfony.com/contributors"
                }
            ],
            "description": "Extracts information about PHP class' properties using metadata of popular sources",
            "homepage": "https://symfony.com",
            "keywords": [
                "doctrine",
                "phpdoc",
                "property",
                "symfony",
                "type",
                "validator"
            ],
            "time": "2021-02-17T15:24:54+00:00"
        },
        {
            "name": "symfony/string",
            "version": "v5.2.6",
            "source": {
                "type": "git",
                "url": "https://github.com/symfony/string.git",
                "reference": "ad0bd91bce2054103f5eaa18ebeba8d3bc2a0572"
            },
            "dist": {
                "type": "zip",
                "url": "https://api.github.com/repos/symfony/string/zipball/ad0bd91bce2054103f5eaa18ebeba8d3bc2a0572",
                "reference": "ad0bd91bce2054103f5eaa18ebeba8d3bc2a0572",
                "shasum": ""
            },
            "require": {
                "php": ">=7.2.5",
                "symfony/polyfill-ctype": "~1.8",
                "symfony/polyfill-intl-grapheme": "~1.0",
                "symfony/polyfill-intl-normalizer": "~1.0",
                "symfony/polyfill-mbstring": "~1.0",
                "symfony/polyfill-php80": "~1.15"
            },
            "require-dev": {
                "symfony/error-handler": "^4.4|^5.0",
                "symfony/http-client": "^4.4|^5.0",
                "symfony/translation-contracts": "^1.1|^2",
                "symfony/var-exporter": "^4.4|^5.0"
            },
            "type": "library",
            "autoload": {
                "psr-4": {
                    "Symfony\\Component\\String\\": ""
                },
                "files": [
                    "Resources/functions.php"
                ],
                "exclude-from-classmap": [
                    "/Tests/"
                ]
            },
            "notification-url": "https://packagist.org/downloads/",
            "license": [
                "MIT"
            ],
            "authors": [
                {
                    "name": "Nicolas Grekas",
                    "email": "p@tchwork.com"
                },
                {
                    "name": "Symfony Community",
                    "homepage": "https://symfony.com/contributors"
                }
            ],
            "description": "Provides an object-oriented API to strings and deals with bytes, UTF-8 code points and grapheme clusters in a unified way",
            "homepage": "https://symfony.com",
            "keywords": [
                "grapheme",
                "i18n",
                "string",
                "unicode",
                "utf-8",
                "utf8"
            ],
            "time": "2021-03-17T17:12:15+00:00"
        },
        {
            "name": "webmozart/assert",
            "version": "1.10.0",
            "source": {
                "type": "git",
                "url": "https://github.com/webmozarts/assert.git",
                "reference": "6964c76c7804814a842473e0c8fd15bab0f18e25"
            },
            "dist": {
                "type": "zip",
                "url": "https://api.github.com/repos/webmozarts/assert/zipball/6964c76c7804814a842473e0c8fd15bab0f18e25",
                "reference": "6964c76c7804814a842473e0c8fd15bab0f18e25",
                "shasum": ""
            },
            "require": {
                "php": "^7.2 || ^8.0",
                "symfony/polyfill-ctype": "^1.8"
            },
            "conflict": {
                "phpstan/phpstan": "<0.12.20",
                "vimeo/psalm": "<4.6.1 || 4.6.2"
            },
            "require-dev": {
                "phpunit/phpunit": "^8.5.13"
            },
            "type": "library",
            "extra": {
                "branch-alias": {
                    "dev-master": "1.10-dev"
                }
            },
            "autoload": {
                "psr-4": {
                    "Webmozart\\Assert\\": "src/"
                }
            },
            "notification-url": "https://packagist.org/downloads/",
            "license": [
                "MIT"
            ],
            "authors": [
                {
                    "name": "Bernhard Schussek",
                    "email": "bschussek@gmail.com"
                }
            ],
            "description": "Assertions to validate method input/output with nice error messages.",
            "keywords": [
                "assert",
                "check",
                "validate"
            ],
            "time": "2021-03-09T10:59:23+00:00"
        },
        {
            "name": "webmozart/expression",
            "version": "1.0.0",
            "source": {
                "type": "git",
                "url": "https://github.com/webmozart/expression.git",
                "reference": "35c222fc49533894228e1240cc844ae91d6a9ef2"
            },
            "dist": {
                "type": "zip",
                "url": "https://api.github.com/repos/webmozart/expression/zipball/35c222fc49533894228e1240cc844ae91d6a9ef2",
                "reference": "35c222fc49533894228e1240cc844ae91d6a9ef2",
                "shasum": ""
            },
            "require": {
                "php": ">=5.3.9"
            },
            "require-dev": {
                "phpunit/phpunit": "^4.6",
                "sebastian/version": "^1.0.1"
            },
            "type": "library",
            "extra": {
                "branch-alias": {
                    "dev-master": "1.0-dev"
                }
            },
            "autoload": {
                "psr-4": {
                    "Webmozart\\Expression\\": "src/"
                }
            },
            "notification-url": "https://packagist.org/downloads/",
            "license": [
                "MIT"
            ],
            "authors": [
                {
                    "name": "Bernhard Schussek",
                    "email": "bschussek@gmail.com"
                }
            ],
            "description": "Formulate expressions and search criteria using PHP objects.",
            "keywords": [
                "criteria",
                "expression",
                "filter",
                "formula"
            ],
            "time": "2015-12-17T10:43:13+00:00"
        }
    ],
    "packages-dev": [],
    "aliases": [],
    "minimum-stability": "stable",
    "stability-flags": [],
    "prefer-stable": false,
    "prefer-lowest": false,
    "platform": [],
    "platform-dev": []
}
